
Microsoft Visual Studio Solution File, Format Version 12.00
# Visual Studio Version 17
VisualStudioVersion = 17.0.31903.59
MinimumVisualStudioVersion = 10.0.40219.1
Project("{F2A71F9B-5D33-465A-A702-920D77279786}") = "Day01", "Day01\Day01.fsproj", "{4A10848C-5910-42F4-9B3F-59EAF73844FC}"
EndProject
Project("{F2A71F9B-5D33-465A-A702-920D77279786}") = "SupportLib", "SupportLib\SupportLib.fsproj", "{C4D29B92-88ED-4D6D-A63D-000ABAB8AA8B}"
EndProject
Project("{F2A71F9B-5D33-465A-A702-920D77279786}") = "Day02", "Day02\Day02.fsproj", "{A4FACB38-1401-4DDB-9DFC-E6D319A25B80}"
EndProject
Project("{F2A71F9B-5D33-465A-A702-920D77279786}") = "Day03", "Day03\Day03.fsproj", "{A636EE0A-A5CD-4B54-A6C1-F9F15B086FF8}"
EndProject
Project("{F2A71F9B-5D33-465A-A702-920D77279786}") = "Day04", "Day04\Day04.fsproj", "{5D5A4036-3ECF-41B6-BA2C-B9C8EF0F3D02}"
EndProject
Global
	GlobalSection(SolutionConfigurationPlatforms) = preSolution
		Debug|Any CPU = Debug|Any CPU
		Release|Any CPU = Release|Any CPU
	EndGlobalSection
	GlobalSection(SolutionProperties) = preSolution
		HideSolutionNode = FALSE
	EndGlobalSection
	GlobalSection(ProjectConfigurationPlatforms) = postSolution
		{4A10848C-5910-42F4-9B3F-59EAF73844FC}.Debug|Any CPU.ActiveCfg = Debug|Any CPU
		{4A10848C-5910-42F4-9B3F-59EAF73844FC}.Debug|Any CPU.Build.0 = Debug|Any CPU
		{4A10848C-5910-42F4-9B3F-59EAF73844FC}.Release|Any CPU.ActiveCfg = Release|Any CPU
		{4A10848C-5910-42F4-9B3F-59EAF73844FC}.Release|Any CPU.Build.0 = Release|Any CPU
		{C4D29B92-88ED-4D6D-A63D-000ABAB8AA8B}.Debug|Any CPU.ActiveCfg = Debug|Any CPU
		{C4D29B92-88ED-4D6D-A63D-000ABAB8AA8B}.Debug|Any CPU.Build.0 = Debug|Any CPU
		{C4D29B92-88ED-4D6D-A63D-000ABAB8AA8B}.Release|Any CPU.ActiveCfg = Release|Any CPU
		{C4D29B92-88ED-4D6D-A63D-000ABAB8AA8B}.Release|Any CPU.Build.0 = Release|Any CPU
		{A4FACB38-1401-4DDB-9DFC-E6D319A25B80}.Debug|Any CPU.ActiveCfg = Debug|Any CPU
		{A4FACB38-1401-4DDB-9DFC-E6D319A25B80}.Debug|Any CPU.Build.0 = Debug|Any CPU
		{A4FACB38-1401-4DDB-9DFC-E6D319A25B80}.Release|Any CPU.ActiveCfg = Release|Any CPU
		{A4FACB38-1401-4DDB-9DFC-E6D319A25B80}.Release|Any CPU.Build.0 = Release|Any CPU
		{A636EE0A-A5CD-4B54-A6C1-F9F15B086FF8}.Debug|Any CPU.ActiveCfg = Debug|Any CPU
		{A636EE0A-A5CD-4B54-A6C1-F9F15B086FF8}.Debug|Any CPU.Build.0 = Debug|Any CPU
		{A636EE0A-A5CD-4B54-A6C1-F9F15B086FF8}.Release|Any CPU.ActiveCfg = Release|Any CPU
		{A636EE0A-A5CD-4B54-A6C1-F9F15B086FF8}.Release|Any CPU.Build.0 = Release|Any CPU
		{5D5A4036-3ECF-41B6-BA2C-B9C8EF0F3D02}.Debug|Any CPU.ActiveCfg = Debug|Any CPU
		{5D5A4036-3ECF-41B6-BA2C-B9C8EF0F3D02}.Debug|Any CPU.Build.0 = Debug|Any CPU
		{5D5A4036-3ECF-41B6-BA2C-B9C8EF0F3D02}.Release|Any CPU.ActiveCfg = Release|Any CPU
		{5D5A4036-3ECF-41B6-BA2C-B9C8EF0F3D02}.Release|Any CPU.Build.0 = Release|Any CPU
	EndGlobalSection
EndGlobal
